
Microsoft Visual Studio Solution File, Format Version 12.00
# Visual Studio 15
VisualStudioVersion = 15.0.27703.2000
MinimumVisualStudioVersion = 10.0.40219.1
Project("{FAE04EC0-301F-11D3-BF4B-00C04F79EFBC}") = "LugTp.UI", "LugTp.UI\LugTp.UI.csproj", "{D8D8273B-E40D-4ED3-ACAE-2F2D6B3BAF9A}"
EndProject
Project("{FAE04EC0-301F-11D3-BF4B-00C04F79EFBC}") = "LugTp.Entities", "LugTp.Entities\LugTp.Entities.csproj", "{C83DA83C-DD2A-4642-BF06-E76DBFE55893}"
EndProject
Project("{FAE04EC0-301F-11D3-BF4B-00C04F79EFBC}") = "LugTp.Data", "LugTp.Data\LugTp.Data.csproj", "{C14B2745-BFA1-4B87-BC96-F077B7A14F58}"
EndProject
Global
	GlobalSection(SolutionConfigurationPlatforms) = preSolution
		Debug|Any CPU = Debug|Any CPU
		Release|Any CPU = Release|Any CPU
	EndGlobalSection
	GlobalSection(ProjectConfigurationPlatforms) = postSolution
		{D8D8273B-E40D-4ED3-ACAE-2F2D6B3BAF9A}.Debug|Any CPU.ActiveCfg = Debug|Any CPU
		{D8D8273B-E40D-4ED3-ACAE-2F2D6B3BAF9A}.Debug|Any CPU.Build.0 = Debug|Any CPU
		{D8D8273B-E40D-4ED3-ACAE-2F2D6B3BAF9A}.Release|Any CPU.ActiveCfg = Release|Any CPU
		{D8D8273B-E40D-4ED3-ACAE-2F2D6B3BAF9A}.Release|Any CPU.Build.0 = Release|Any CPU
		{C83DA83C-DD2A-4642-BF06-E76DBFE55893}.Debug|Any CPU.ActiveCfg = Debug|Any CPU
		{C83DA83C-DD2A-4642-BF06-E76DBFE55893}.Debug|Any CPU.Build.0 = Debug|Any CPU
		{C83DA83C-DD2A-4642-BF06-E76DBFE55893}.Release|Any CPU.ActiveCfg = Release|Any CPU
		{C83DA83C-DD2A-4642-BF06-E76DBFE55893}.Release|Any CPU.Build.0 = Release|Any CPU
		{C14B2745-BFA1-4B87-BC96-F077B7A14F58}.Debug|Any CPU.ActiveCfg = Debug|Any CPU
		{C14B2745-BFA1-4B87-BC96-F077B7A14F58}.Debug|Any CPU.Build.0 = Debug|Any CPU
		{C14B2745-BFA1-4B87-BC96-F077B7A14F58}.Release|Any CPU.ActiveCfg = Release|Any CPU
		{C14B2745-BFA1-4B87-BC96-F077B7A14F58}.Release|Any CPU.Build.0 = Release|Any CPU
	EndGlobalSection
	GlobalSection(SolutionProperties) = preSolution
		HideSolutionNode = FALSE
	EndGlobalSection
	GlobalSection(ExtensibilityGlobals) = postSolution
		SolutionGuid = {74E6B6B2-8E48-4794-B09C-2E5300532CCA}
	EndGlobalSection
EndGlobal
